
Microsoft Visual Studio Solution File, Format Version 12.00
# Visual Studio Version 16
VisualStudioVersion = 16.0.29306.81
MinimumVisualStudioVersion = 10.0.40219.1
Project("{FAE04EC0-301F-11D3-BF4B-00C04F79EFBC}") = "TasteOfTheWorld", "TasteOfTheWorld\TasteOfTheWorld.csproj", "{4AAD5DF5-768F-4C93-A0B8-4BEFE3F853AF}"
EndProject
Global
	GlobalSection(SolutionConfigurationPlatforms) = preSolution
		Debug|Any CPU = Debug|Any CPU
		Release|Any CPU = Release|Any CPU
	EndGlobalSection
	GlobalSection(ProjectConfigurationPlatforms) = postSolution
		{4AAD5DF5-768F-4C93-A0B8-4BEFE3F853AF}.Debug|Any CPU.ActiveCfg = Debug|Any CPU
		{4AAD5DF5-768F-4C93-A0B8-4BEFE3F853AF}.Debug|Any CPU.Build.0 = Debug|Any CPU
		{4AAD5DF5-768F-4C93-A0B8-4BEFE3F853AF}.Release|Any CPU.ActiveCfg = Release|Any CPU
		{4AAD5DF5-768F-4C93-A0B8-4BEFE3F853AF}.Release|Any CPU.Build.0 = Release|Any CPU
	EndGlobalSection
	GlobalSection(SolutionProperties) = preSolution
		HideSolutionNode = FALSE
	EndGlobalSection
	GlobalSection(ExtensibilityGlobals) = postSolution
		SolutionGuid = {A60D2525-E132-497F-9BF8-A02C5EF392FD}
	EndGlobalSection
EndGlobal
